// !$*UTF8*$!
{
	archiveVersion = 1;
	classes = {
	};
	objectVersion = 50;
	objects = {

/* Begin PBXBuildFile section */
		6E19C9D32A1880DEC9AEC9B2 /* Pods_NewsApp.framework in Frameworks */ = {isa = PBXBuildFile; fileRef = 99DD5DB2A2AB6F41D180C72C /* Pods_NewsApp.framework */; };
		8101FA15370537E29190B920 /* Pods_NewsAppTests.framework in Frameworks */ = {isa = PBXBuildFile; fileRef = 4CFA4856AE31A698E24874CD /* Pods_NewsAppTests.framework */; };
		926AB3CED7CA7D6919A1CF61 /* Pods_NewsApp_NewsAppUITests.framework in Frameworks */ = {isa = PBXBuildFile; fileRef = 33A01B32ED3B9D404E5D49D1 /* Pods_NewsApp_NewsAppUITests.framework */; };
		B93B8BC6242E35670062CEF2 /* AppDelegate.swift in Sources */ = {isa = PBXBuildFile; fileRef = B93B8BC5242E35670062CEF2 /* AppDelegate.swift */; };
		B93B8BCA242E35670062CEF2 /* ViewController.swift in Sources */ = {isa = PBXBuildFile; fileRef = B93B8BC9242E35670062CEF2 /* ViewController.swift */; };
		B93B8BCD242E35670062CEF2 /* Main.storyboard in Resources */ = {isa = PBXBuildFile; fileRef = B93B8BCB242E35670062CEF2 /* Main.storyboard */; };
		B93B8BCF242E35680062CEF2 /* Assets.xcassets in Resources */ = {isa = PBXBuildFile; fileRef = B93B8BCE242E35680062CEF2 /* Assets.xcassets */; };
		B93B8BD2242E35680062CEF2 /* LaunchScreen.storyboard in Resources */ = {isa = PBXBuildFile; fileRef = B93B8BD0242E35680062CEF2 /* LaunchScreen.storyboard */; };
		B93B8BDD242E35690062CEF2 /* NewsAppTests.swift in Sources */ = {isa = PBXBuildFile; fileRef = B93B8BDC242E35690062CEF2 /* NewsAppTests.swift */; };
		B93B8BE8242E35690062CEF2 /* NewsAppUITests.swift in Sources */ = {isa = PBXBuildFile; fileRef = B93B8BE7242E35690062CEF2 /* NewsAppUITests.swift */; };
		B93B8BF9242E38610062CEF2 /* SampleLogo1.jpg in Resources */ = {isa = PBXBuildFile; fileRef = B93B8BF6242E38610062CEF2 /* SampleLogo1.jpg */; };
		B93B8BFA242E38610062CEF2 /* SampleLogo2.png in Resources */ = {isa = PBXBuildFile; fileRef = B93B8BF7242E38610062CEF2 /* SampleLogo2.png */; };
		B93B8BFB242E38610062CEF2 /* SampleLogo3.png in Resources */ = {isa = PBXBuildFile; fileRef = B93B8BF8242E38610062CEF2 /* SampleLogo3.png */; };
/* End PBXBuildFile section */

/* Begin PBXContainerItemProxy section */
		B93B8BD9242E35680062CEF2 /* PBXContainerItemProxy */ = {
			isa = PBXContainerItemProxy;
			containerPortal = B93B8BBA242E35670062CEF2 /* Project object */;
			proxyType = 1;
			remoteGlobalIDString = B93B8BC1242E35670062CEF2;
			remoteInfo = NewsApp;
		};
		B93B8BE4242E35690062CEF2 /* PBXContainerItemProxy */ = {
			isa = PBXContainerItemProxy;
			containerPortal = B93B8BBA242E35670062CEF2 /* Project object */;
			proxyType = 1;
			remoteGlobalIDString = B93B8BC1242E35670062CEF2;
			remoteInfo = NewsApp;
		};
/* End PBXContainerItemProxy section */

/* Begin PBXFileReference section */
		13CB6AA457B0BA6A76282D1A /* Pods-NewsAppTests.release.xcconfig */ = {isa = PBXFileReference; includeInIndex = 1; lastKnownFileType = text.xcconfig; name = "Pods-NewsAppTests.release.xcconfig"; path = "Target Support Files/Pods-NewsAppTests/Pods-NewsAppTests.release.xcconfig"; sourceTree = "<group>"; };
		25ECED37251DC01C20C8AB68 /* Pods-NewsApp.release.xcconfig */ = {isa = PBXFileReference; includeInIndex = 1; lastKnownFileType = text.xcconfig; name = "Pods-NewsApp.release.xcconfig"; path = "Target Support Files/Pods-NewsApp/Pods-NewsApp.release.xcconfig"; sourceTree = "<group>"; };
		33A01B32ED3B9D404E5D49D1 /* Pods_NewsApp_NewsAppUITests.framework */ = {isa = PBXFileReference; explicitFileType = wrapper.framework; includeInIndex = 0; path = Pods_NewsApp_NewsAppUITests.framework; sourceTree = BUILT_PRODUCTS_DIR; };
		4CFA4856AE31A698E24874CD /* Pods_NewsAppTests.framework */ = {isa = PBXFileReference; explicitFileType = wrapper.framework; includeInIndex = 0; path = Pods_NewsAppTests.framework; sourceTree = BUILT_PRODUCTS_DIR; };
		6A7FBDA2E6BCB50B61B3218E /* Pods-NewsApp-NewsAppUITests.debug.xcconfig */ = {isa = PBXFileReference; includeInIndex = 1; lastKnownFileType = text.xcconfig; name = "Pods-NewsApp-NewsAppUITests.debug.xcconfig"; path = "Target Support Files/Pods-NewsApp-NewsAppUITests/Pods-NewsApp-NewsAppUITests.debug.xcconfig"; sourceTree = "<group>"; };
		99DD5DB2A2AB6F41D180C72C /* Pods_NewsApp.framework */ = {isa = PBXFileReference; explicitFileType = wrapper.framework; includeInIndex = 0; path = Pods_NewsApp.framework; sourceTree = BUILT_PRODUCTS_DIR; };
		ACD913761F75F112B116E2C1 /* Pods-NewsAppTests.debug.xcconfig */ = {isa = PBXFileReference; includeInIndex = 1; lastKnownFileType = text.xcconfig; name = "Pods-NewsAppTests.debug.xcconfig"; path = "Target Support Files/Pods-NewsAppTests/Pods-NewsAppTests.debug.xcconfig"; sourceTree = "<group>"; };
		B93B8BC2242E35670062CEF2 /* NewsApp.app */ = {isa = PBXFileReference; explicitFileType = wrapper.application; includeInIndex = 0; path = NewsApp.app; sourceTree = BUILT_PRODUCTS_DIR; };
		B93B8BC5242E35670062CEF2 /* AppDelegate.swift */ = {isa = PBXFileReference; lastKnownFileType = sourcecode.swift; path = AppDelegate.swift; sourceTree = "<group>"; };
		B93B8BC9242E35670062CEF2 /* ViewController.swift */ = {isa = PBXFileReference; lastKnownFileType = sourcecode.swift; path = ViewController.swift; sourceTree = "<group>"; };
		B93B8BCC242E35670062CEF2 /* Base */ = {isa = PBXFileReference; lastKnownFileType = file.storyboard; name = Base; path = Base.lproj/Main.storyboard; sourceTree = "<group>"; };
		B93B8BCE242E35680062CEF2 /* Assets.xcassets */ = {isa = PBXFileReference; lastKnownFileType = folder.assetcatalog; path = Assets.xcassets; sourceTree = "<group>"; };
		B93B8BD1242E35680062CEF2 /* Base */ = {isa = PBXFileReference; lastKnownFileType = file.storyboard; name = Base; path = Base.lproj/LaunchScreen.storyboard; sourceTree = "<group>"; };
		B93B8BD3242E35680062CEF2 /* Info.plist */ = {isa = PBXFileReference; lastKnownFileType = text.plist.xml; path = Info.plist; sourceTree = "<group>"; };
		B93B8BD8242E35680062CEF2 /* NewsAppTests.xctest */ = {isa = PBXFileReference; explicitFileType = wrapper.cfbundle; includeInIndex = 0; path = NewsAppTests.xctest; sourceTree = BUILT_PRODUCTS_DIR; };
		B93B8BDC242E35690062CEF2 /* NewsAppTests.swift */ = {isa = PBXFileReference; lastKnownFileType = sourcecode.swift; path = NewsAppTests.swift; sourceTree = "<group>"; };
		B93B8BDE242E35690062CEF2 /* Info.plist */ = {isa = PBXFileReference; lastKnownFileType = text.plist.xml; path = Info.plist; sourceTree = "<group>"; };
		B93B8BE3242E35690062CEF2 /* NewsAppUITests.xctest */ = {isa = PBXFileReference; explicitFileType = wrapper.cfbundle; includeInIndex = 0; path = NewsAppUITests.xctest; sourceTree = BUILT_PRODUCTS_DIR; };
		B93B8BE7242E35690062CEF2 /* NewsAppUITests.swift */ = {isa = PBXFileReference; lastKnownFileType = sourcecode.swift; path = NewsAppUITests.swift; sourceTree = "<group>"; };
		B93B8BE9242E35690062CEF2 /* Info.plist */ = {isa = PBXFileReference; lastKnownFileType = text.plist.xml; path = Info.plist; sourceTree = "<group>"; };
		B93B8BF6242E38610062CEF2 /* SampleLogo1.jpg */ = {isa = PBXFileReference; lastKnownFileType = image.jpeg; path = SampleLogo1.jpg; sourceTree = "<group>"; };
		B93B8BF7242E38610062CEF2 /* SampleLogo2.png */ = {isa = PBXFileReference; lastKnownFileType = image.png; path = SampleLogo2.png; sourceTree = "<group>"; };
		B93B8BF8242E38610062CEF2 /* SampleLogo3.png */ = {isa = PBXFileReference; lastKnownFileType = image.png; path = SampleLogo3.png; sourceTree = "<group>"; };
		BDA769FF82A7459D1696721A /* Pods-NewsApp-NewsAppUITests.release.xcconfig */ = {isa = PBXFileReference; includeInIndex = 1; lastKnownFileType = text.xcconfig; name = "Pods-NewsApp-NewsAppUITests.release.xcconfig"; path = "Target Support Files/Pods-NewsApp-NewsAppUITests/Pods-NewsApp-NewsAppUITests.release.xcconfig"; sourceTree = "<group>"; };
		F43A168D7BEADEC6AA2CDDDC /* Pods-NewsApp.debug.xcconfig */ = {isa = PBXFileReference; includeInIndex = 1; lastKnownFileType = text.xcconfig; name = "Pods-NewsApp.debug.xcconfig"; path = "Target Support Files/Pods-NewsApp/Pods-NewsApp.debug.xcconfig"; sourceTree = "<group>"; };
/* End PBXFileReference section */

/* Begin PBXFrameworksBuildPhase section */
		B93B8BBF242E35670062CEF2 /* Frameworks */ = {
			isa = PBXFrameworksBuildPhase;
			buildActionMask = 2147483647;
			files = (
				6E19C9D32A1880DEC9AEC9B2 /* Pods_NewsApp.framework in Frameworks */,
			);
			runOnlyForDeploymentPostprocessing = 0;
		};
		B93B8BD5242E35680062CEF2 /* Frameworks */ = {
			isa = PBXFrameworksBuildPhase;
			buildActionMask = 2147483647;
			files = (
				8101FA15370537E29190B920 /* Pods_NewsAppTests.framework in Frameworks */,
			);
			runOnlyForDeploymentPostprocessing = 0;
		};
		B93B8BE0242E35690062CEF2 /* Frameworks */ = {
			isa = PBXFrameworksBuildPhase;
			buildActionMask = 2147483647;
			files = (
				926AB3CED7CA7D6919A1CF61 /* Pods_NewsApp_NewsAppUITests.framework in Frameworks */,
			);
			runOnlyForDeploymentPostprocessing = 0;
		};
/* End PBXFrameworksBuildPhase section */

/* Begin PBXGroup section */
		B93B8BB9242E35670062CEF2 = {
			isa = PBXGroup;
			children = (
				B93B8BC4242E35670062CEF2 /* NewsApp */,
				B93B8BDB242E35690062CEF2 /* NewsAppTests */,
				B93B8BE6242E35690062CEF2 /* NewsAppUITests */,
				B93B8BC3242E35670062CEF2 /* Products */,
				FAE646DA5B900E3F5B4F51FB /* Pods */,
				C94B242262E9AF4090D331C7 /* Frameworks */,
			);
			sourceTree = "<group>";
		};
		B93B8BC3242E35670062CEF2 /* Products */ = {
			isa = PBXGroup;
			children = (
				B93B8BC2242E35670062CEF2 /* NewsApp.app */,
				B93B8BD8242E35680062CEF2 /* NewsAppTests.xctest */,
				B93B8BE3242E35690062CEF2 /* NewsAppUITests.xctest */,
			);
			name = Products;
			sourceTree = "<group>";
		};
		B93B8BC4242E35670062CEF2 /* NewsApp */ = {
			isa = PBXGroup;
			children = (
				B93B8BC5242E35670062CEF2 /* AppDelegate.swift */,
				B93B8BC9242E35670062CEF2 /* ViewController.swift */,
				B93B8BCB242E35670062CEF2 /* Main.storyboard */,
				B93B8BCE242E35680062CEF2 /* Assets.xcassets */,
				B93B8BD0242E35680062CEF2 /* LaunchScreen.storyboard */,
				B93B8BD3242E35680062CEF2 /* Info.plist */,
				B93B8BF5242E35A90062CEF2 /* Images */,
			);
			path = NewsApp;
			sourceTree = "<group>";
		};
		B93B8BDB242E35690062CEF2 /* NewsAppTests */ = {
			isa = PBXGroup;
			children = (
				B93B8BDC242E35690062CEF2 /* NewsAppTests.swift */,
				B93B8BDE242E35690062CEF2 /* Info.plist */,
			);
			path = NewsAppTests;
			sourceTree = "<group>";
		};
		B93B8BE6242E35690062CEF2 /* NewsAppUITests */ = {
			isa = PBXGroup;
			children = (
				B93B8BE7242E35690062CEF2 /* NewsAppUITests.swift */,
				B93B8BE9242E35690062CEF2 /* Info.plist */,
			);
			path = NewsAppUITests;
			sourceTree = "<group>";
		};
		B93B8BF5242E35A90062CEF2 /* Images */ = {
			isa = PBXGroup;
			children = (
				B93B8BF6242E38610062CEF2 /* SampleLogo1.jpg */,
				B93B8BF7242E38610062CEF2 /* SampleLogo2.png */,
				B93B8BF8242E38610062CEF2 /* SampleLogo3.png */,
			);
			path = Images;
			sourceTree = "<group>";
		};
		C94B242262E9AF4090D331C7 /* Frameworks */ = {
			isa = PBXGroup;
			children = (
				99DD5DB2A2AB6F41D180C72C /* Pods_NewsApp.framework */,
				33A01B32ED3B9D404E5D49D1 /* Pods_NewsApp_NewsAppUITests.framework */,
				4CFA4856AE31A698E24874CD /* Pods_NewsAppTests.framework */,
			);
			name = Frameworks;
			sourceTree = "<group>";
		};
		FAE646DA5B900E3F5B4F51FB /* Pods */ = {
			isa = PBXGroup;
			children = (
				F43A168D7BEADEC6AA2CDDDC /* Pods-NewsApp.debug.xcconfig */,
				25ECED37251DC01C20C8AB68 /* Pods-NewsApp.release.xcconfig */,
				6A7FBDA2E6BCB50B61B3218E /* Pods-NewsApp-NewsAppUITests.debug.xcconfig */,
				BDA769FF82A7459D1696721A /* Pods-NewsApp-NewsAppUITests.release.xcconfig */,
				ACD913761F75F112B116E2C1 /* Pods-NewsAppTests.debug.xcconfig */,
				13CB6AA457B0BA6A76282D1A /* Pods-NewsAppTests.release.xcconfig */,
			);
			name = Pods;
			path = Pods;
			sourceTree = "<group>";
		};
/* End PBXGroup section */

/* Begin PBXNativeTarget section */
		B93B8BC1242E35670062CEF2 /* NewsApp */ = {
			isa = PBXNativeTarget;
			buildConfigurationList = B93B8BEC242E35690062CEF2 /* Build configuration list for PBXNativeTarget "NewsApp" */;
			buildPhases = (
				719424E719509A85E392D17A /* [CP] Check Pods Manifest.lock */,
				B93B8BBE242E35670062CEF2 /* Sources */,
				B93B8BBF242E35670062CEF2 /* Frameworks */,
				B93B8BC0242E35670062CEF2 /* Resources */,
				DCE21204B3A4BE35086CA580 /* [CP] Embed Pods Frameworks */,
			);
			buildRules = (
			);
			dependencies = (
			);
			name = NewsApp;
			productName = NewsApp;
			productReference = B93B8BC2242E35670062CEF2 /* NewsApp.app */;
			productType = "com.apple.product-type.application";
		};
		B93B8BD7242E35680062CEF2 /* NewsAppTests */ = {
			isa = PBXNativeTarget;
			buildConfigurationList = B93B8BEF242E35690062CEF2 /* Build configuration list for PBXNativeTarget "NewsAppTests" */;
			buildPhases = (
				CB263750029EAC7203942668 /* [CP] Check Pods Manifest.lock */,
				B93B8BD4242E35680062CEF2 /* Sources */,
				B93B8BD5242E35680062CEF2 /* Frameworks */,
				B93B8BD6242E35680062CEF2 /* Resources */,
			);
			buildRules = (
			);
			dependencies = (
				B93B8BDA242E35680062CEF2 /* PBXTargetDependency */,
			);
			name = NewsAppTests;
			productName = NewsAppTests;
			productReference = B93B8BD8242E35680062CEF2 /* NewsAppTests.xctest */;
			productType = "com.apple.product-type.bundle.unit-test";
		};
		B93B8BE2242E35690062CEF2 /* NewsAppUITests */ = {
			isa = PBXNativeTarget;
			buildConfigurationList = B93B8BF2242E35690062CEF2 /* Build configuration list for PBXNativeTarget "NewsAppUITests" */;
			buildPhases = (
				BF01E03314B2835ABF44BF8A /* [CP] Check Pods Manifest.lock */,
				B93B8BDF242E35690062CEF2 /* Sources */,
				B93B8BE0242E35690062CEF2 /* Frameworks */,
				B93B8BE1242E35690062CEF2 /* Resources */,
				563B2C960E3F97587842EBD0 /* [CP] Embed Pods Frameworks */,
			);
			buildRules = (
			);
			dependencies = (
				B93B8BE5242E35690062CEF2 /* PBXTargetDependency */,
			);
			name = NewsAppUITests;
			productName = NewsAppUITests;
			productReference = B93B8BE3242E35690062CEF2 /* NewsAppUITests.xctest */;
			productType = "com.apple.product-type.bundle.ui-testing";
		};
/* End PBXNativeTarget section */

/* Begin PBXProject section */
		B93B8BBA242E35670062CEF2 /* Project object */ = {
			isa = PBXProject;
			attributes = {
				LastSwiftUpdateCheck = 1130;
				LastUpgradeCheck = 1130;
				ORGANIZATIONNAME = iamport;
				TargetAttributes = {
					B93B8BC1242E35670062CEF2 = {
						CreatedOnToolsVersion = 11.3.1;
					};
					B93B8BD7242E35680062CEF2 = {
						CreatedOnToolsVersion = 11.3.1;
						TestTargetID = B93B8BC1242E35670062CEF2;
					};
					B93B8BE2242E35690062CEF2 = {
						CreatedOnToolsVersion = 11.3.1;
						TestTargetID = B93B8BC1242E35670062CEF2;
					};
				};
			};
			buildConfigurationList = B93B8BBD242E35670062CEF2 /* Build configuration list for PBXProject "NewsApp" */;
			compatibilityVersion = "Xcode 9.3";
			developmentRegion = en;
			hasScannedForEncodings = 0;
			knownRegions = (
				en,
				Base,
			);
			mainGroup = B93B8BB9242E35670062CEF2;
			productRefGroup = B93B8BC3242E35670062CEF2 /* Products */;
			projectDirPath = "";
			projectRoot = "";
			targets = (
				B93B8BC1242E35670062CEF2 /* NewsApp */,
				B93B8BD7242E35680062CEF2 /* NewsAppTests */,
				B93B8BE2242E35690062CEF2 /* NewsAppUITests */,
			);
		};
/* End PBXProject section */

/* Begin PBXResourcesBuildPhase section */
		B93B8BC0242E35670062CEF2 /* Resources */ = {
			isa = PBXResourcesBuildPhase;
			buildActionMask = 2147483647;
			files = (
				B93B8BFB242E38610062CEF2 /* SampleLogo3.png in Resources */,
				B93B8BFA242E38610062CEF2 /* SampleLogo2.png in Resources */,
				B93B8BD2242E35680062CEF2 /* LaunchScreen.storyboard in Resources */,
				B93B8BCF242E35680062CEF2 /* Assets.xcassets in Resources */,
				B93B8BF9242E38610062CEF2 /* SampleLogo1.jpg in Resources */,
				B93B8BCD242E35670062CEF2 /* Main.storyboard in Resources */,
			);
			runOnlyForDeploymentPostprocessing = 0;
		};
		B93B8BD6242E35680062CEF2 /* Resources */ = {
			isa = PBXResourcesBuildPhase;
			buildActionMask = 2147483647;
			files = (
			);
			runOnlyForDeploymentPostprocessing = 0;
		};
		B93B8BE1242E35690062CEF2 /* Resources */ = {
			isa = PBXResourcesBuildPhase;
			buildActionMask = 2147483647;
			files = (
			);
			runOnlyForDeploymentPostprocessing = 0;
		};
/* End PBXResourcesBuildPhase section */

/* Begin PBXShellScriptBuildPhase section */
		563B2C960E3F97587842EBD0 /* [CP] Embed Pods Frameworks */ = {
			isa = PBXShellScriptBuildPhase;
			buildActionMask = 2147483647;
			files = (
			);
			inputFileListPaths = (
				"${PODS_ROOT}/Target Support Files/Pods-NewsApp-NewsAppUITests/Pods-NewsApp-NewsAppUITests-frameworks-${CONFIGURATION}-input-files.xcfilelist",
			);
			name = "[CP] Embed Pods Frameworks";
			outputFileListPaths = (
				"${PODS_ROOT}/Target Support Files/Pods-NewsApp-NewsAppUITests/Pods-NewsApp-NewsAppUITests-frameworks-${CONFIGURATION}-output-files.xcfilelist",
			);
			runOnlyForDeploymentPostprocessing = 0;
			shellPath = /bin/sh;
			shellScript = "\"${PODS_ROOT}/Target Support Files/Pods-NewsApp-NewsAppUITests/Pods-NewsApp-NewsAppUITests-frameworks.sh\"\n";
			showEnvVarsInLog = 0;
		};
		719424E719509A85E392D17A /* [CP] Check Pods Manifest.lock */ = {
			isa = PBXShellScriptBuildPhase;
			buildActionMask = 2147483647;
			files = (
			);
			inputFileListPaths = (
			);
			inputPaths = (
				"${PODS_PODFILE_DIR_PATH}/Podfile.lock",
				"${PODS_ROOT}/Manifest.lock",
			);
			name = "[CP] Check Pods Manifest.lock";
			outputFileListPaths = (
			);
			outputPaths = (
				"$(DERIVED_FILE_DIR)/Pods-NewsApp-checkManifestLockResult.txt",
			);
			runOnlyForDeploymentPostprocessing = 0;
			shellPath = /bin/sh;
			shellScript = "diff \"${PODS_PODFILE_DIR_PATH}/Podfile.lock\" \"${PODS_ROOT}/Manifest.lock\" > /dev/null\nif [ $? != 0 ] ; then\n    # print error to STDERR\n    echo \"error: The sandbox is not in sync with the Podfile.lock. Run 'pod install' or update your CocoaPods installation.\" >&2\n    exit 1\nfi\n# This output is used by Xcode 'outputs' to avoid re-running this script phase.\necho \"SUCCESS\" > \"${SCRIPT_OUTPUT_FILE_0}\"\n";
			showEnvVarsInLog = 0;
		};
		BF01E03314B2835ABF44BF8A /* [CP] Check Pods Manifest.lock */ = {
			isa = PBXShellScriptBuildPhase;
			buildActionMask = 2147483647;
			files = (
			);
			inputFileListPaths = (
			);
			inputPaths = (
				"${PODS_PODFILE_DIR_PATH}/Podfile.lock",
				"${PODS_ROOT}/Manifest.lock",
			);
			name = "[CP] Check Pods Manifest.lock";
			outputFileListPaths = (
			);
			outputPaths = (
				"$(DERIVED_FILE_DIR)/Pods-NewsApp-NewsAppUITests-checkManifestLockResult.txt",
			);
			runOnlyForDeploymentPostprocessing = 0;
			shellPath = /bin/sh;
			shellScript = "diff \"${PODS_PODFILE_DIR_PATH}/Podfile.lock\" \"${PODS_ROOT}/Manifest.lock\" > /dev/null\nif [ $? != 0 ] ; then\n    # print error to STDERR\n    echo \"error: The sandbox is not in sync with the Podfile.lock. Run 'pod install' or update your CocoaPods installation.\" >&2\n    exit 1\nfi\n# This output is used by Xcode 'outputs' to avoid re-running this script phase.\necho \"SUCCESS\" > \"${SCRIPT_OUTPUT_FILE_0}\"\n";
			showEnvVarsInLog = 0;
		};
		CB263750029EAC7203942668 /* [CP] Check Pods Manifest.lock */ = {
			isa = PBXShellScriptBuildPhase;
			buildActionMask = 2147483647;
			files = (
			);
			inputFileListPaths = (
			);
			inputPaths = (
				"${PODS_PODFILE_DIR_PATH}/Podfile.lock",
				"${PODS_ROOT}/Manifest.lock",
			);
			name = "[CP] Check Pods Manifest.lock";
			outputFileListPaths = (
			);
			outputPaths = (
				"$(DERIVED_FILE_DIR)/Pods-NewsAppTests-checkManifestLockResult.txt",
			);
			runOnlyForDeploymentPostprocessing = 0;
			shellPath = /bin/sh;
			shellScript = "diff \"${PODS_PODFILE_DIR_PATH}/Podfile.lock\" \"${PODS_ROOT}/Manifest.lock\" > /dev/null\nif [ $? != 0 ] ; then\n    # print error to STDERR\n    echo \"error: The sandbox is not in sync with the Podfile.lock. Run 'pod install' or update your CocoaPods installation.\" >&2\n    exit 1\nfi\n# This output is used by Xcode 'outputs' to avoid re-running this script phase.\necho \"SUCCESS\" > \"${SCRIPT_OUTPUT_FILE_0}\"\n";
			showEnvVarsInLog = 0;
		};
		DCE21204B3A4BE35086CA580 /* [CP] Embed Pods Frameworks */ = {
			isa = PBXShellScriptBuildPhase;
			buildActionMask = 2147483647;
			files = (
			);
			inputFileListPaths = (
				"${PODS_ROOT}/Target Support Files/Pods-NewsApp/Pods-NewsApp-frameworks-${CONFIGURATION}-input-files.xcfilelist",
			);
			name = "[CP] Embed Pods Frameworks";
			outputFileListPaths = (
				"${PODS_ROOT}/Target Support Files/Pods-NewsApp/Pods-NewsApp-frameworks-${CONFIGURATION}-output-files.xcfilelist",
			);
			runOnlyForDeploymentPostprocessing = 0;
			shellPath = /bin/sh;
			shellScript = "\"${PODS_ROOT}/Target Support Files/Pods-NewsApp/Pods-NewsApp-frameworks.sh\"\n";
			showEnvVarsInLog = 0;
		};
/* End PBXShellScriptBuildPhase section */

/* Begin PBXSourcesBuildPhase section */
		B93B8BBE242E35670062CEF2 /* Sources */ = {
			isa = PBXSourcesBuildPhase;
			buildActionMask = 2147483647;
			files = (
				B93B8BCA242E35670062CEF2 /* ViewController.swift in Sources */,
				B93B8BC6242E35670062CEF2 /* AppDelegate.swift in Sources */,
			);
			runOnlyForDeploymentPostprocessing = 0;
		};
		B93B8BD4242E35680062CEF2 /* Sources */ = {
			isa = PBXSourcesBuildPhase;
			buildActionMask = 2147483647;
			files = (
				B93B8BDD242E35690062CEF2 /* NewsAppTests.swift in Sources */,
			);
			runOnlyForDeploymentPostprocessing = 0;
		};
		B93B8BDF242E35690062CEF2 /* Sources */ = {
			isa = PBXSourcesBuildPhase;
			buildActionMask = 2147483647;
			files = (
				B93B8BE8242E35690062CEF2 /* NewsAppUITests.swift in Sources */,
			);
			runOnlyForDeploymentPostprocessing = 0;
		};
/* End PBXSourcesBuildPhase section */

/* Begin PBXTargetDependency section */
		B93B8BDA242E35680062CEF2 /* PBXTargetDependency */ = {
			isa = PBXTargetDependency;
			target = B93B8BC1242E35670062CEF2 /* NewsApp */;
			targetProxy = B93B8BD9242E35680062CEF2 /* PBXContainerItemProxy */;
		};
		B93B8BE5242E35690062CEF2 /* PBXTargetDependency */ = {
			isa = PBXTargetDependency;
			target = B93B8BC1242E35670062CEF2 /* NewsApp */;
			targetProxy = B93B8BE4242E35690062CEF2 /* PBXContainerItemProxy */;
		};
/* End PBXTargetDependency section */

/* Begin PBXVariantGroup section */
		B93B8BCB242E35670062CEF2 /* Main.storyboard */ = {
			isa = PBXVariantGroup;
			children = (
				B93B8BCC242E35670062CEF2 /* Base */,
			);
			name = Main.storyboard;
			sourceTree = "<group>";
		};
		B93B8BD0242E35680062CEF2 /* LaunchScreen.storyboard */ = {
			isa = PBXVariantGroup;
			children = (
				B93B8BD1242E35680062CEF2 /* Base */,
			);
			name = LaunchScreen.storyboard;
			sourceTree = "<group>";
		};
/* End PBXVariantGroup section */

/* Begin XCBuildConfiguration section */
		B93B8BEA242E35690062CEF2 /* Debug */ = {
			isa = XCBuildConfiguration;
			buildSettings = {
				ALWAYS_SEARCH_USER_PATHS = NO;
				CLANG_ANALYZER_NONNULL = YES;
				CLANG_ANALYZER_NUMBER_OBJECT_CONVERSION = YES_AGGRESSIVE;
				CLANG_CXX_LANGUAGE_STANDARD = "gnu++14";
				CLANG_CXX_LIBRARY = "libc++";
				CLANG_ENABLE_MODULES = YES;
				CLANG_ENABLE_OBJC_ARC = YES;
				CLANG_ENABLE_OBJC_WEAK = YES;
				CLANG_WARN_BLOCK_CAPTURE_AUTORELEASING = YES;
				CLANG_WARN_BOOL_CONVERSION = YES;
				CLANG_WARN_COMMA = YES;
				CLANG_WARN_CONSTANT_CONVERSION = YES;
				CLANG_WARN_DEPRECATED_OBJC_IMPLEMENTATIONS = YES;
				CLANG_WARN_DIRECT_OBJC_ISA_USAGE = YES_ERROR;
				CLANG_WARN_DOCUMENTATION_COMMENTS = YES;
				CLANG_WARN_EMPTY_BODY = YES;
				CLANG_WARN_ENUM_CONVERSION = YES;
				CLANG_WARN_INFINITE_RECURSION = YES;
				CLANG_WARN_INT_CONVERSION = YES;
				CLANG_WARN_NON_LITERAL_NULL_CONVERSION = YES;
				CLANG_WARN_OBJC_IMPLICIT_RETAIN_SELF = YES;
				CLANG_WARN_OBJC_LITERAL_CONVERSION = YES;
				CLANG_WARN_OBJC_ROOT_CLASS = YES_ERROR;
				CLANG_WARN_RANGE_LOOP_ANALYSIS = YES;
				CLANG_WARN_STRICT_PROTOTYPES = YES;
				CLANG_WARN_SUSPICIOUS_MOVE = YES;
				CLANG_WARN_UNGUARDED_AVAILABILITY = YES_AGGRESSIVE;
				CLANG_WARN_UNREACHABLE_CODE = YES;
				CLANG_WARN__DUPLICATE_METHOD_MATCH = YES;
				COPY_PHASE_STRIP = NO;
				DEBUG_INFORMATION_FORMAT = dwarf;
				ENABLE_STRICT_OBJC_MSGSEND = YES;
				ENABLE_TESTABILITY = YES;
				GCC_C_LANGUAGE_STANDARD = gnu11;
				GCC_DYNAMIC_NO_PIC = NO;
				GCC_NO_COMMON_BLOCKS = YES;
				GCC_OPTIMIZATION_LEVEL = 0;
				GCC_PREPROCESSOR_DEFINITIONS = (
					"DEBUG=1",
					"$(inherited)",
				);
				GCC_WARN_64_TO_32_BIT_CONVERSION = YES;
				GCC_WARN_ABOUT_RETURN_TYPE = YES_ERROR;
				GCC_WARN_UNDECLARED_SELECTOR = YES;
				GCC_WARN_UNINITIALIZED_AUTOS = YES_AGGRESSIVE;
				GCC_WARN_UNUSED_FUNCTION = YES;
				GCC_WARN_UNUSED_VARIABLE = YES;
				IPHONEOS_DEPLOYMENT_TARGET = 13.2;
				MTL_ENABLE_DEBUG_INFO = INCLUDE_SOURCE;
				MTL_FAST_MATH = YES;
				ONLY_ACTIVE_ARCH = YES;
				SDKROOT = iphoneos;
				SWIFT_ACTIVE_COMPILATION_CONDITIONS = DEBUG;
				SWIFT_OPTIMIZATION_LEVEL = "-Onone";
			};
			name = Debug;
		};
		B93B8BEB242E35690062CEF2 /* Release */ = {
			isa = XCBuildConfiguration;
			buildSettings = {
				ALWAYS_SEARCH_USER_PATHS = NO;
				CLANG_ANALYZER_NONNULL = YES;
				CLANG_ANALYZER_NUMBER_OBJECT_CONVERSION = YES_AGGRESSIVE;
				CLANG_CXX_LANGUAGE_STANDARD = "gnu++14";
				CLANG_CXX_LIBRARY = "libc++";
				CLANG_ENABLE_MODULES = YES;
				CLANG_ENABLE_OBJC_ARC = YES;
				CLANG_ENABLE_OBJC_WEAK = YES;
				CLANG_WARN_BLOCK_CAPTURE_AUTORELEASING = YES;
				CLANG_WARN_BOOL_CONVERSION = YES;
				CLANG_WARN_COMMA = YES;
				CLANG_WARN_CONSTANT_CONVERSION = YES;
				CLANG_WARN_DEPRECATED_OBJC_IMPLEMENTATIONS = YES;
				CLANG_WARN_DIRECT_OBJC_ISA_USAGE = YES_ERROR;
				CLANG_WARN_DOCUMENTATION_COMMENTS = YES;
				CLANG_WARN_EMPTY_BODY = YES;
				CLANG_WARN_ENUM_CONVERSION = YES;
				CLANG_WARN_INFINITE_RECURSION = YES;
				CLANG_WARN_INT_CONVERSION = YES;
				CLANG_WARN_NON_LITERAL_NULL_CONVERSION = YES;
				CLANG_WARN_OBJC_IMPLICIT_RETAIN_SELF = YES;
				CLANG_WARN_OBJC_LITERAL_CONVERSION = YES;
				CLANG_WARN_OBJC_ROOT_CLASS = YES_ERROR;
				CLANG_WARN_RANGE_LOOP_ANALYSIS = YES;
				CLANG_WARN_STRICT_PROTOTYPES = YES;
				CLANG_WARN_SUSPICIOUS_MOVE = YES;
				CLANG_WARN_UNGUARDED_AVAILABILITY = YES_AGGRESSIVE;
				CLANG_WARN_UNREACHABLE_CODE = YES;
				CLANG_WARN__DUPLICATE_METHOD_MATCH = YES;
				COPY_PHASE_STRIP = NO;
				DEBUG_INFORMATION_FORMAT = "dwarf-with-dsym";
				ENABLE_NS_ASSERTIONS = NO;
				ENABLE_STRICT_OBJC_MSGSEND = YES;
				GCC_C_LANGUAGE_STANDARD = gnu11;
				GCC_NO_COMMON_BLOCKS = YES;
				GCC_WARN_64_TO_32_BIT_CONVERSION = YES;
				GCC_WARN_ABOUT_RETURN_TYPE = YES_ERROR;
				GCC_WARN_UNDECLARED_SELECTOR = YES;
				GCC_WARN_UNINITIALIZED_AUTOS = YES_AGGRESSIVE;
				GCC_WARN_UNUSED_FUNCTION = YES;
				GCC_WARN_UNUSED_VARIABLE = YES;
				IPHONEOS_DEPLOYMENT_TARGET = 13.2;
				MTL_ENABLE_DEBUG_INFO = NO;
				MTL_FAST_MATH = YES;
				SDKROOT = iphoneos;
				SWIFT_COMPILATION_MODE = wholemodule;
				SWIFT_OPTIMIZATION_LEVEL = "-O";
				VALIDATE_PRODUCT = YES;
			};
			name = Release;
		};
		B93B8BED242E35690062CEF2 /* Debug */ = {
			isa = XCBuildConfiguration;
			baseConfigurationReference = F43A168D7BEADEC6AA2CDDDC /* Pods-NewsApp.debug.xcconfig */;
			buildSettings = {
				ASSETCATALOG_COMPILER_APPICON_NAME = AppIcon;
				CODE_SIGN_STYLE = Automatic;
				DEVELOPMENT_TEAM = JJCRVQY6GL;
				INFOPLIST_FILE = NewsApp/Info.plist;
				IPHONEOS_DEPLOYMENT_TARGET = 11.0;
				LD_RUNPATH_SEARCH_PATHS = (
					"$(inherited)",
					"@executable_path/Frameworks",
				);
				PRODUCT_BUNDLE_IDENTIFIER = iamport.NewsApp;
				PRODUCT_NAME = "$(TARGET_NAME)";
				SWIFT_VERSION = 5.0;
				TARGETED_DEVICE_FAMILY = "1,2";
			};
			name = Debug;
		};
		B93B8BEE242E35690062CEF2 /* Release */ = {
			isa = XCBuildConfiguration;
			baseConfigurationReference = 25ECED37251DC01C20C8AB68 /* Pods-NewsApp.release.xcconfig */;
			buildSettings = {
				ASSETCATALOG_COMPILER_APPICON_NAME = AppIcon;
				CODE_SIGN_STYLE = Automatic;
				DEVELOPMENT_TEAM = JJCRVQY6GL;
				INFOPLIST_FILE = NewsApp/Info.plist;
				IPHONEOS_DEPLOYMENT_TARGET = 11.0;
				LD_RUNPATH_SEARCH_PATHS = (
					"$(inherited)",
					"@executable_path/Frameworks",
				);
				PRODUCT_BUNDLE_IDENTIFIER = iamport.NewsApp;
				PRODUCT_NAME = "$(TARGET_NAME)";
				SWIFT_VERSION = 5.0;
				TARGETED_DEVICE_FAMILY = "1,2";
			};
			name = Release;
		};
		B93B8BF0242E35690062CEF2 /* Debug */ = {
			isa = XCBuildConfiguration;
			baseConfigurationReference = ACD913761F75F112B116E2C1 /* Pods-NewsAppTests.debug.xcconfig */;
			buildSettings = {
				ALWAYS_EMBED_SWIFT_STANDARD_LIBRARIES = YES;
				BUNDLE_LOADER = "$(TEST_HOST)";
				CODE_SIGN_STYLE = Automatic;
				INFOPLIST_FILE = NewsAppTests/Info.plist;
				IPHONEOS_DEPLOYMENT_TARGET = 13.2;
				LD_RUNPATH_SEARCH_PATHS = (
					"$(inherited)",
					"@executable_path/Frameworks",
					"@loader_path/Frameworks",
				);
				PRODUCT_BUNDLE_IDENTIFIER = iamport.NewsAppTests;
				PRODUCT_NAME = "$(TARGET_NAME)";
				SWIFT_VERSION = 5.0;
				TARGETED_DEVICE_FAMILY = "1,2";
				TEST_HOST = "$(BUILT_PRODUCTS_DIR)/NewsApp.app/NewsApp";
			};
			name = Debug;
		};
		B93B8BF1242E35690062CEF2 /* Release */ = {
			isa = XCBuildConfiguration;
			baseConfigurationReference = 13CB6AA457B0BA6A76282D1A /* Pods-NewsAppTests.release.xcconfig */;
			buildSettings = {
				ALWAYS_EMBED_SWIFT_STANDARD_LIBRARIES = YES;
				BUNDLE_LOADER = "$(TEST_HOST)";
				CODE_SIGN_STYLE = Automatic;
				INFOPLIST_FILE = NewsAppTests/Info.plist;
				IPHONEOS_DEPLOYMENT_TARGET = 13.2;
				LD_RUNPATH_SEARCH_PATHS = (
					"$(inherited)",
					"@executable_path/Frameworks",
					"@loader_path/Frameworks",
				);
				PRODUCT_BUNDLE_IDENTIFIER = iamport.NewsAppTests;
				PRODUCT_NAME = "$(TARGET_NAME)";
				SWIFT_VERSION = 5.0;
				TARGETED_DEVICE_FAMILY = "1,2";
				TEST_HOST = "$(BUILT_PRODUCTS_DIR)/NewsApp.app/NewsApp";
			};
			name = Release;
		};
		B93B8BF3242E35690062CEF2 /* Debug */ = {
			isa = XCBuildConfiguration;
			baseConfigurationReference = 6A7FBDA2E6BCB50B61B3218E /* Pods-NewsApp-NewsAppUITests.debug.xcconfig */;
			buildSettings = {
				ALWAYS_EMBED_SWIFT_STANDARD_LIBRARIES = YES;
				CODE_SIGN_STYLE = Automatic;
				INFOPLIST_FILE = NewsAppUITests/Info.plist;
				LD_RUNPATH_SEARCH_PATHS = (
					"$(inherited)",
					"@executable_path/Frameworks",
					"@loader_path/Frameworks",
				);
				PRODUCT_BUNDLE_IDENTIFIER = iamport.NewsAppUITests;
				PRODUCT_NAME = "$(TARGET_NAME)";
				SWIFT_VERSION = 5.0;
				TARGETED_DEVICE_FAMILY = "1,2";
				TEST_TARGET_NAME = NewsApp;
			};
			name = Debug;
		};
		B93B8BF4242E35690062CEF2 /* Release */ = {
			isa = XCBuildConfiguration;
			baseConfigurationReference = BDA769FF82A7459D1696721A /* Pods-NewsApp-NewsAppUITests.release.xcconfig */;
			buildSettings = {
				ALWAYS_EMBED_SWIFT_STANDARD_LIBRARIES = YES;
				CODE_SIGN_STYLE = Automatic;
				INFOPLIST_FILE = NewsAppUITests/Info.plist;
				LD_RUNPATH_SEARCH_PATHS = (
					"$(inherited)",
					"@executable_path/Frameworks",
					"@loader_path/Frameworks",
				);
				PRODUCT_BUNDLE_IDENTIFIER = iamport.NewsAppUITests;
				PRODUCT_NAME = "$(TARGET_NAME)";
				SWIFT_VERSION = 5.0;
				TARGETED_DEVICE_FAMILY = "1,2";
				TEST_TARGET_NAME = NewsApp;
			};
			name = Release;
		};
/* End XCBuildConfiguration section */

/* Begin XCConfigurationList section */
		B93B8BBD242E35670062CEF2 /* Build configuration list for PBXProject "NewsApp" */ = {
			isa = XCConfigurationList;
			buildConfigurations = (
				B93B8BEA242E35690062CEF2 /* Debug */,
				B93B8BEB242E35690062CEF2 /* Release */,
			);
			defaultConfigurationIsVisible = 0;
			defaultConfigurationName = Release;
		};
		B93B8BEC242E35690062CEF2 /* Build configuration list for PBXNativeTarget "NewsApp" */ = {
			isa = XCConfigurationList;
			buildConfigurations = (
				B93B8BED242E35690062CEF2 /* Debug */,
				B93B8BEE242E35690062CEF2 /* Release */,
			);
			defaultConfigurationIsVisible = 0;
			defaultConfigurationName = Release;
		};
		B93B8BEF242E35690062CEF2 /* Build configuration list for PBXNativeTarget "NewsAppTests" */ = {
			isa = XCConfigurationList;
			buildConfigurations = (
				B93B8BF0242E35690062CEF2 /* Debug */,
				B93B8BF1242E35690062CEF2 /* Release */,
			);
			defaultConfigurationIsVisible = 0;
			defaultConfigurationName = Release;
		};
		B93B8BF2242E35690062CEF2 /* Build configuration list for PBXNativeTarget "NewsAppUITests" */ = {
			isa = XCConfigurationList;
			buildConfigurations = (
				B93B8BF3242E35690062CEF2 /* Debug */,
				B93B8BF4242E35690062CEF2 /* Release */,
			);
			defaultConfigurationIsVisible = 0;
			defaultConfigurationName = Release;
		};
/* End XCConfigurationList section */
	};
	rootObject = B93B8BBA242E35670062CEF2 /* Project object */;
}
